{
  "name": "russound-aio",
  "version": "1.0.0",
  "lockfileVersion": 3,
  "requires": true,
  "packages": {
    "": {
      "name": "russound-aio",
      "version": "1.0.0",
      "license": "ISC",
      "dependencies": {
        "async": "^3.2.6",
        "events": "^3.3.0",
        "net": "^1.0.2",
        "promise-socket": "^8.0.0",
        "timers-promises": "^1.0.1"
      },
      "devDependencies": {
        "@types/async": "^3.2.24",
        "@types/node": "^22.7.0"
      }
    },
    "node_modules/@types/async": {
      "version": "3.2.24",
      "resolved": "https://registry.npmjs.org/@types/async/-/async-3.2.24.tgz",
      "integrity": "sha512-8iHVLHsCCOBKjCF2KwFe0p9Z3rfM9mL+sSP8btyR5vTjJRAqpBYD28/ZLgXPf0pjG1VxOvtCV/BgXkQbpSe8Hw==",
      "dev": true,
      "license": "MIT"
    },
    "node_modules/@types/node": {
      "version": "22.8.2",
      "resolved": "https://registry.npmjs.org/@types/node/-/node-22.8.2.tgz",
      "integrity": "sha512-NzaRNFV+FZkvK/KLCsNdTvID0SThyrs5SHB6tsD/lajr22FGC73N2QeDPM2wHtVde8mgcXuSsHQkH5cX1pbPLw==",
      "dev": true,
      "license": "MIT",
      "dependencies": {
        "undici-types": "~6.19.8"
      }
    },
    "node_modules/async": {
      "version": "3.2.6",
      "resolved": "https://registry.npmjs.org/async/-/async-3.2.6.tgz",
      "integrity": "sha512-htCUDlxyyCLMgaM3xXg0C0LW2xqfuQ6p05pCEIsXuyQ+a1koYKTuBMzRNwmybfLgvJDMd0r1LTn4+E0Ti6C2AA==",
      "license": "MIT"
    },
    "node_modules/events": {
      "version": "3.3.0",
      "resolved": "https://registry.npmjs.org/events/-/events-3.3.0.tgz",
      "integrity": "sha512-mQw+2fkQbALzQ7V0MY0IqdnXNOeTtP4r0lN9z7AAawCXgqea7bDii20AYrIBrFd/Hx0M2Ocz6S111CaFkUcb0Q==",
      "license": "MIT",
      "engines": {
        "node": ">=0.8.x"
      }
    },
    "node_modules/net": {
      "version": "1.0.2",
      "resolved": "https://registry.npmjs.org/net/-/net-1.0.2.tgz",
      "integrity": "sha512-kbhcj2SVVR4caaVnGLJKmlk2+f+oLkjqdKeQlmUtz6nGzOpbcobwVIeSURNgraV/v3tlmGIX82OcPCl0K6RbHQ==",
      "license": "MIT"
    },
    "node_modules/promise-duplex": {
      "version": "8.0.0",
      "resolved": "https://registry.npmjs.org/promise-duplex/-/promise-duplex-8.0.0.tgz",
      "integrity": "sha512-JlrnT6KZMRD+t4cxP7gh/dlGP2pl01/jTPg3pTLvFLBTdHTbTTdc+g25q0qswC3ziO9RAr3L1b2n/++4y23GQg==",
      "license": "MIT",
      "dependencies": {
        "promise-readable": "^8.0.1",
        "promise-writable": "^8.0.0"
      },
      "engines": {
        "node": ">=16.0.0"
      }
    },
    "node_modules/promise-readable": {
      "version": "8.0.1",
      "resolved": "https://registry.npmjs.org/promise-readable/-/promise-readable-8.0.1.tgz",
      "integrity": "sha512-peVAz+49xRooF1Om2wYSOluKpOApnpiJVOKgQ6IR/ZAWo15tBa4ZtcKKSTAytRiNJVlkvil9NoFhqihY4Sl1Fw==",
      "license": "MIT",
      "engines": {
        "node": ">=16.0.0"
      }
    },
    "node_modules/promise-socket": {
      "version": "8.0.0",
      "resolved": "https://registry.npmjs.org/promise-socket/-/promise-socket-8.0.0.tgz",
      "integrity": "sha512-5Qb5719QcOm3/zrt0DLiAsJXutv2vb4HRxCiOVro1eyAOMak6vF2gTIoB6f0M1mnKMCsXW1SC/O+4G3P6p7kbw==",
      "license": "MIT",
      "dependencies": {
        "promise-duplex": "^8.0.0"
      },
      "engines": {
        "node": ">=16.0.0"
      }
    },
    "node_modules/promise-writable": {
      "version": "8.0.0",
      "resolved": "https://registry.npmjs.org/promise-writable/-/promise-writable-8.0.0.tgz",
      "integrity": "sha512-Qn7/5tE42fjLUWevPm/SFmVz26tRdhmxmPXgOJSeIwLnkI2V4u0/t+CrRXb8ic1Jy9qqvOHVYm+sAIgel++eVA==",
      "license": "MIT",
      "engines": {
        "node": ">=16.0.0"
      }
    },
    "node_modules/timers-promises": {
      "version": "1.0.1",
      "resolved": "https://registry.npmjs.org/timers-promises/-/timers-promises-1.0.1.tgz",
      "integrity": "sha512-u87PAM7pIloXOxGcjqfDRQB72NG8DIVKafVafHgixzlsPlLnZTw9IkiX/WYSAqK1SkRAc6J2I/SUrBiswGvNiA==",
      "license": "MIT"
    },
    "node_modules/undici-types": {
      "version": "6.19.8",
      "resolved": "https://registry.npmjs.org/undici-types/-/undici-types-6.19.8.tgz",
      "integrity": "sha512-ve2KP6f/JnbPBFyobGHuerC9g1FYGn/F8n1LWTwNxCEzd6IfqTwUQcNXgEtmmQ6DlRrC1hrSrBnCZPokRrDHjw==",
      "dev": true,
      "license": "MIT"
    }
  }
}
